
Microsoft Visual Studio Solution File, Format Version 12.00
Project("{FAE04EC0-301F-11D3-BF4B-00C04F79EFBC}") = "Calc2", "Calc2.csproj", "{6FC4DB43-A8CF-4A18-B2AE-4E0085A84D79}"
EndProject
Global
	GlobalSection(SolutionConfigurationPlatforms) = preSolution
		Debug|Any CPU = Debug|Any CPU
		Release|Any CPU = Release|Any CPU
	EndGlobalSection
	GlobalSection(ProjectConfigurationPlatforms) = postSolution
		{6FC4DB43-A8CF-4A18-B2AE-4E0085A84D79}.Debug|Any CPU.ActiveCfg = Debug|Any CPU
		{6FC4DB43-A8CF-4A18-B2AE-4E0085A84D79}.Debug|Any CPU.Build.0 = Debug|Any CPU
		{6FC4DB43-A8CF-4A18-B2AE-4E0085A84D79}.Release|Any CPU.ActiveCfg = Release|Any CPU
		{6FC4DB43-A8CF-4A18-B2AE-4E0085A84D79}.Release|Any CPU.Build.0 = Release|Any CPU
	EndGlobalSection
EndGlobal
